Microsoft Visual Studio Solution File, Format Version 11.00
# Visual Studio 2008

Project("{A515DBBF-E4A5-A7A2-2122-994F3C237E78}") = "randomDungeons", "Assembly-CSharp.csproj", "{2886AD16-5BE3-471C-5BAB-7F48226CBF98}"
EndProject
Project("{A515DBBF-E4A5-A7A2-2122-994F3C237E78}") = "randomDungeons", "Assembly-CSharp-Editor.csproj", "{477E197F-581B-C983-58C5-006156CD390E}"
EndProject
Global
	GlobalSection(SolutionConfigurationPlatforms) = preSolution
		Debug|Any CPU = Debug|Any CPU
		Release|Any CPU = Release|Any CPU
	EndGlobalSection
	GlobalSection(ProjectConfigurationPlatforms) = postSolution
		{2886AD16-5BE3-471C-5BAB-7F48226CBF98}.Debug|Any CPU.ActiveCfg = Debug|Any CPU
		{2886AD16-5BE3-471C-5BAB-7F48226CBF98}.Debug|Any CPU.Build.0 = Debug|Any CPU
		{2886AD16-5BE3-471C-5BAB-7F48226CBF98}.Release|Any CPU.ActiveCfg = Release|Any CPU
		{2886AD16-5BE3-471C-5BAB-7F48226CBF98}.Release|Any CPU.Build.0 = Release|Any CPU
		{477E197F-581B-C983-58C5-006156CD390E}.Debug|Any CPU.ActiveCfg = Debug|Any CPU
		{477E197F-581B-C983-58C5-006156CD390E}.Debug|Any CPU.Build.0 = Debug|Any CPU
		{477E197F-581B-C983-58C5-006156CD390E}.Release|Any CPU.ActiveCfg = Release|Any CPU
		{477E197F-581B-C983-58C5-006156CD390E}.Release|Any CPU.Build.0 = Release|Any CPU
	EndGlobalSection
	GlobalSection(SolutionProperties) = preSolution
		HideSolutionNode = FALSE
	EndGlobalSection
	GlobalSection(MonoDevelopProperties) = preSolution
		StartupItem = Assembly-CSharp.csproj
	EndGlobalSection
EndGlobal
